
Microsoft Visual Studio Solution File, Format Version 12.00
# Visual Studio 15
VisualStudioVersion = 15.0.27428.2002
MinimumVisualStudioVersion = 10.0.40219.1
Project("{FAE04EC0-301F-11D3-BF4B-00C04F79EFBC}") = "Server", "Server\Server.csproj", "{1B2C2F3D-F213-4759-B025-9B2F8D5E6B69}"
EndProject
Project("{FAE04EC0-301F-11D3-BF4B-00C04F79EFBC}") = "Client", "Client\Client.csproj", "{77891146-D33B-43D6-A45D-95BA455A3D68}"
EndProject
Global
	GlobalSection(SolutionConfigurationPlatforms) = preSolution
		Debug|Any CPU = Debug|Any CPU
		Release|Any CPU = Release|Any CPU
	EndGlobalSection
	GlobalSection(ProjectConfigurationPlatforms) = postSolution
		{1B2C2F3D-F213-4759-B025-9B2F8D5E6B69}.Debug|Any CPU.ActiveCfg = Debug|Any CPU
		{1B2C2F3D-F213-4759-B025-9B2F8D5E6B69}.Debug|Any CPU.Build.0 = Debug|Any CPU
		{1B2C2F3D-F213-4759-B025-9B2F8D5E6B69}.Release|Any CPU.ActiveCfg = Release|Any CPU
		{1B2C2F3D-F213-4759-B025-9B2F8D5E6B69}.Release|Any CPU.Build.0 = Release|Any CPU
		{77891146-D33B-43D6-A45D-95BA455A3D68}.Debug|Any CPU.ActiveCfg = Debug|Any CPU
		{77891146-D33B-43D6-A45D-95BA455A3D68}.Debug|Any CPU.Build.0 = Debug|Any CPU
		{77891146-D33B-43D6-A45D-95BA455A3D68}.Release|Any CPU.ActiveCfg = Release|Any CPU
		{77891146-D33B-43D6-A45D-95BA455A3D68}.Release|Any CPU.Build.0 = Release|Any CPU
	EndGlobalSection
	GlobalSection(SolutionProperties) = preSolution
		HideSolutionNode = FALSE
	EndGlobalSection
	GlobalSection(ExtensibilityGlobals) = postSolution
		SolutionGuid = {36E2F6FD-9C61-47DA-8E61-D0D52108A829}
	EndGlobalSection
EndGlobal
